
Microsoft Visual Studio Solution File, Format Version 12.00
# Visual Studio Version 16
VisualStudioVersion = 16.0.30204.135
MinimumVisualStudioVersion = 10.0.40219.1
Project("{FAE04EC0-301F-11D3-BF4B-00C04F79EFBC}") = "LayerList", "LayerList\LayerList.csproj", "{F1DC4F5A-C88F-4A05-BCB4-4B4038AB8DCE}"
EndProject
Global
	GlobalSection(SolutionConfigurationPlatforms) = preSolution
		Debug|Any CPU = Debug|Any CPU
		Release|Any CPU = Release|Any CPU
	EndGlobalSection
	GlobalSection(ProjectConfigurationPlatforms) = postSolution
		{F1DC4F5A-C88F-4A05-BCB4-4B4038AB8DCE}.Debug|Any CPU.ActiveCfg = Debug|Any CPU
		{F1DC4F5A-C88F-4A05-BCB4-4B4038AB8DCE}.Debug|Any CPU.Build.0 = Debug|Any CPU
		{F1DC4F5A-C88F-4A05-BCB4-4B4038AB8DCE}.Release|Any CPU.ActiveCfg = Release|Any CPU
		{F1DC4F5A-C88F-4A05-BCB4-4B4038AB8DCE}.Release|Any CPU.Build.0 = Release|Any CPU
	EndGlobalSection
	GlobalSection(SolutionProperties) = preSolution
		HideSolutionNode = FALSE
	EndGlobalSection
	GlobalSection(ExtensibilityGlobals) = postSolution
		SolutionGuid = {C9724C3D-C157-41B4-A855-CB9DBB71934A}
	EndGlobalSection
EndGlobal
